
Microsoft Visual Studio Solution File, Format Version 12.00
# Visual Studio Version 16
VisualStudioVersion = 16.0.29613.14
MinimumVisualStudioVersion = 10.0.40219.1
Project("{FAE04EC0-301F-11D3-BF4B-00C04F79EFBC}") = "Project", "Project\Project.csproj", "{6725D17E-E80B-4E86-81D9-5C22ACC5FC08}"
EndProject
Project("{FAE04EC0-301F-11D3-BF4B-00C04F79EFBC}") = "ProjectWeb", "ProjectWeb\ProjectWeb.csproj", "{6D3BC770-B5D6-46F1-8A1F-B1156F865758}"
EndProject
Global
	GlobalSection(SolutionConfigurationPlatforms) = preSolution
		Debug|Any CPU = Debug|Any CPU
		Release|Any CPU = Release|Any CPU
	EndGlobalSection
	GlobalSection(ProjectConfigurationPlatforms) = postSolution
		{6725D17E-E80B-4E86-81D9-5C22ACC5FC08}.Debug|Any CPU.ActiveCfg = Debug|Any CPU
		{6725D17E-E80B-4E86-81D9-5C22ACC5FC08}.Debug|Any CPU.Build.0 = Debug|Any CPU
		{6725D17E-E80B-4E86-81D9-5C22ACC5FC08}.Release|Any CPU.ActiveCfg = Release|Any CPU
		{6725D17E-E80B-4E86-81D9-5C22ACC5FC08}.Release|Any CPU.Build.0 = Release|Any CPU
		{6D3BC770-B5D6-46F1-8A1F-B1156F865758}.Debug|Any CPU.ActiveCfg = Debug|Any CPU
		{6D3BC770-B5D6-46F1-8A1F-B1156F865758}.Debug|Any CPU.Build.0 = Debug|Any CPU
		{6D3BC770-B5D6-46F1-8A1F-B1156F865758}.Release|Any CPU.ActiveCfg = Release|Any CPU
		{6D3BC770-B5D6-46F1-8A1F-B1156F865758}.Release|Any CPU.Build.0 = Release|Any CPU
	EndGlobalSection
	GlobalSection(SolutionProperties) = preSolution
		HideSolutionNode = FALSE
	EndGlobalSection
	GlobalSection(ExtensibilityGlobals) = postSolution
		SolutionGuid = {CF785FA1-4993-455F-8C19-584D28A713A5}
	EndGlobalSection
EndGlobal
